
Microsoft Visual Studio Solution File, Format Version 12.00
# Visual Studio 2012
Project("{FAE04EC0-301F-11D3-BF4B-00C04F79EFBC}") = "GUI", "..\GUI\GUI.csproj", "{86CD0113-4465-4621-AFF7-ECB39D9C148D}"
EndProject
Project("{FAE04EC0-301F-11D3-BF4B-00C04F79EFBC}") = "BLL_DAL", "BLL_DAL\BLL_DAL.csproj", "{40358177-3E5B-4ACA-AFDD-6AAB3828BF70}"
EndProject
Global
	GlobalSection(SolutionConfigurationPlatforms) = preSolution
		Debug|Any CPU = Debug|Any CPU
		Release|Any CPU = Release|Any CPU
	EndGlobalSection
	GlobalSection(ProjectConfigurationPlatforms) = postSolution
		{86CD0113-4465-4621-AFF7-ECB39D9C148D}.Debug|Any CPU.ActiveCfg = Debug|Any CPU
		{86CD0113-4465-4621-AFF7-ECB39D9C148D}.Debug|Any CPU.Build.0 = Debug|Any CPU
		{86CD0113-4465-4621-AFF7-ECB39D9C148D}.Release|Any CPU.ActiveCfg = Release|Any CPU
		{86CD0113-4465-4621-AFF7-ECB39D9C148D}.Release|Any CPU.Build.0 = Release|Any CPU
		{40358177-3E5B-4ACA-AFDD-6AAB3828BF70}.Debug|Any CPU.ActiveCfg = Debug|Any CPU
		{40358177-3E5B-4ACA-AFDD-6AAB3828BF70}.Debug|Any CPU.Build.0 = Debug|Any CPU
		{40358177-3E5B-4ACA-AFDD-6AAB3828BF70}.Release|Any CPU.ActiveCfg = Release|Any CPU
		{40358177-3E5B-4ACA-AFDD-6AAB3828BF70}.Release|Any CPU.Build.0 = Release|Any CPU
	EndGlobalSection
	GlobalSection(SolutionProperties) = preSolution
		HideSolutionNode = FALSE
	EndGlobalSection
EndGlobal
